
Microsoft Visual Studio Solution File, Format Version 12.00
# Visual Studio Version 16
VisualStudioVersion = 16.0.30611.23
MinimumVisualStudioVersion = 10.0.40219.1
Project("{FAE04EC0-301F-11D3-BF4B-00C04F79EFBC}") = "MvcProjeKamp", "MvcProjeKamp\MvcProjeKamp.csproj", "{E273F3C7-A5DB-40EB-B12D-F1977B2CD302}"
EndProject
Project("{FAE04EC0-301F-11D3-BF4B-00C04F79EFBC}") = "EntityLayer", "EntityLayer\EntityLayer.csproj", "{F77AF815-DEA4-4670-B48B-E8661EC4A0B5}"
EndProject
Project("{FAE04EC0-301F-11D3-BF4B-00C04F79EFBC}") = "DataAccessLayer", "DataAccessLayer\DataAccessLayer.csproj", "{2D5FC3AC-C5BA-44F7-8566-3803FF6E0A44}"
EndProject
Project("{FAE04EC0-301F-11D3-BF4B-00C04F79EFBC}") = "BusinessLayer", "BusinessLayer\BusinessLayer.csproj", "{C81160B4-3799-4F1C-8971-6E25173DF863}"
EndProject
Global
	GlobalSection(SolutionConfigurationPlatforms) = preSolution
		Debug|Any CPU = Debug|Any CPU
		Release|Any CPU = Release|Any CPU
	EndGlobalSection
	GlobalSection(ProjectConfigurationPlatforms) = postSolution
		{E273F3C7-A5DB-40EB-B12D-F1977B2CD302}.Debug|Any CPU.ActiveCfg = Debug|Any CPU
		{E273F3C7-A5DB-40EB-B12D-F1977B2CD302}.Debug|Any CPU.Build.0 = Debug|Any CPU
		{E273F3C7-A5DB-40EB-B12D-F1977B2CD302}.Release|Any CPU.ActiveCfg = Release|Any CPU
		{E273F3C7-A5DB-40EB-B12D-F1977B2CD302}.Release|Any CPU.Build.0 = Release|Any CPU
		{F77AF815-DEA4-4670-B48B-E8661EC4A0B5}.Debug|Any CPU.ActiveCfg = Debug|Any CPU
		{F77AF815-DEA4-4670-B48B-E8661EC4A0B5}.Debug|Any CPU.Build.0 = Debug|Any CPU
		{F77AF815-DEA4-4670-B48B-E8661EC4A0B5}.Release|Any CPU.ActiveCfg = Release|Any CPU
		{F77AF815-DEA4-4670-B48B-E8661EC4A0B5}.Release|Any CPU.Build.0 = Release|Any CPU
		{2D5FC3AC-C5BA-44F7-8566-3803FF6E0A44}.Debug|Any CPU.ActiveCfg = Debug|Any CPU
		{2D5FC3AC-C5BA-44F7-8566-3803FF6E0A44}.Debug|Any CPU.Build.0 = Debug|Any CPU
		{2D5FC3AC-C5BA-44F7-8566-3803FF6E0A44}.Release|Any CPU.ActiveCfg = Release|Any CPU
		{2D5FC3AC-C5BA-44F7-8566-3803FF6E0A44}.Release|Any CPU.Build.0 = Release|Any CPU
		{C81160B4-3799-4F1C-8971-6E25173DF863}.Debug|Any CPU.ActiveCfg = Debug|Any CPU
		{C81160B4-3799-4F1C-8971-6E25173DF863}.Debug|Any CPU.Build.0 = Debug|Any CPU
		{C81160B4-3799-4F1C-8971-6E25173DF863}.Release|Any CPU.ActiveCfg = Release|Any CPU
		{C81160B4-3799-4F1C-8971-6E25173DF863}.Release|Any CPU.Build.0 = Release|Any CPU
	EndGlobalSection
	GlobalSection(SolutionProperties) = preSolution
		HideSolutionNode = FALSE
	EndGlobalSection
	GlobalSection(ExtensibilityGlobals) = postSolution
		SolutionGuid = {8A3A2D43-F0A1-48DE-85E1-2642B6B4E528}
	EndGlobalSection
EndGlobal
